
Microsoft Visual Studio Solution File, Format Version 12.00
# Visual Studio Version 17
VisualStudioVersion = 17.8.34330.188
MinimumVisualStudioVersion = 10.0.40219.1
Project("{FAE04EC0-301F-11D3-BF4B-00C04F79EFBC}") = "NumberGuessing", "NumberGuessing\NumberGuessing.csproj", "{97C3FECE-3459-425E-A262-24E1D24B756D}"
EndProject
Global
	GlobalSection(SolutionConfigurationPlatforms) = preSolution
		Debug|Any CPU = Debug|Any CPU
		Release|Any CPU = Release|Any CPU
	EndGlobalSection
	GlobalSection(ProjectConfigurationPlatforms) = postSolution
		{97C3FECE-3459-425E-A262-24E1D24B756D}.Debug|Any CPU.ActiveCfg = Debug|Any CPU
		{97C3FECE-3459-425E-A262-24E1D24B756D}.Debug|Any CPU.Build.0 = Debug|Any CPU
		{97C3FECE-3459-425E-A262-24E1D24B756D}.Release|Any CPU.ActiveCfg = Release|Any CPU
		{97C3FECE-3459-425E-A262-24E1D24B756D}.Release|Any CPU.Build.0 = Release|Any CPU
	EndGlobalSection
	GlobalSection(SolutionProperties) = preSolution
		HideSolutionNode = FALSE
	EndGlobalSection
	GlobalSection(ExtensibilityGlobals) = postSolution
		SolutionGuid = {38AB5D2C-7980-4565-A7C1-398A69A35BA5}
	EndGlobalSection
EndGlobal
